
Microsoft Visual Studio Solution File, Format Version 12.00
# Visual Studio Version 17
VisualStudioVersion = 17.13.35931.197 d17.13
MinimumVisualStudioVersion = 10.0.40219.1
Project("{FAE04EC0-301F-11D3-BF4B-00C04F79EFBC}") = "consultor-jogos-de-esportes", "consultor-jogos-de-esportes.csproj", "{BE268224-6FF3-44A4-BB0B-E6BA5D3370F3}"
EndProject
Global
	GlobalSection(SolutionConfigurationPlatforms) = preSolution
		Debug|Any CPU = Debug|Any CPU
		Release|Any CPU = Release|Any CPU
	EndGlobalSection
	GlobalSection(ProjectConfigurationPlatforms) = postSolution
		{BE268224-6FF3-44A4-BB0B-E6BA5D3370F3}.Debug|Any CPU.ActiveCfg = Debug|Any CPU
		{BE268224-6FF3-44A4-BB0B-E6BA5D3370F3}.Debug|Any CPU.Build.0 = Debug|Any CPU
		{BE268224-6FF3-44A4-BB0B-E6BA5D3370F3}.Release|Any CPU.ActiveCfg = Release|Any CPU
		{BE268224-6FF3-44A4-BB0B-E6BA5D3370F3}.Release|Any CPU.Build.0 = Release|Any CPU
	EndGlobalSection
	GlobalSection(SolutionProperties) = preSolution
		HideSolutionNode = FALSE
	EndGlobalSection
	GlobalSection(ExtensibilityGlobals) = postSolution
		SolutionGuid = {D34F6820-EB8A-4724-B1D0-4418850A6CF9}
	EndGlobalSection
EndGlobal
